
Microsoft Visual Studio Solution File, Format Version 12.00
# Visual Studio Version 16
VisualStudioVersion = 16.0.32106.194
MinimumVisualStudioVersion = 10.0.40219.1
Project("{FAE04EC0-301F-11D3-BF4B-00C04F79EFBC}") = "WinFormsApp1", "WinFormsApp1\WinFormsApp1.csproj", "{ACE7CF81-9FD6-43C1-9848-3BB33134D705}"
EndProject
Global
	GlobalSection(SolutionConfigurationPlatforms) = preSolution
		Debug|Any CPU = Debug|Any CPU
		Release|Any CPU = Release|Any CPU
	EndGlobalSection
	GlobalSection(ProjectConfigurationPlatforms) = postSolution
		{ACE7CF81-9FD6-43C1-9848-3BB33134D705}.Debug|Any CPU.ActiveCfg = Debug|Any CPU
		{ACE7CF81-9FD6-43C1-9848-3BB33134D705}.Debug|Any CPU.Build.0 = Debug|Any CPU
		{ACE7CF81-9FD6-43C1-9848-3BB33134D705}.Release|Any CPU.ActiveCfg = Release|Any CPU
		{ACE7CF81-9FD6-43C1-9848-3BB33134D705}.Release|Any CPU.Build.0 = Release|Any CPU
	EndGlobalSection
	GlobalSection(SolutionProperties) = preSolution
		HideSolutionNode = FALSE
	EndGlobalSection
	GlobalSection(ExtensibilityGlobals) = postSolution
		SolutionGuid = {F8186E07-854F-4715-828E-6B6599B225E4}
	EndGlobalSection
EndGlobal
